
Microsoft Visual Studio Solution File, Format Version 10.00
# Visual Studio 2008
Project("{8BC9CEB8-8B4A-11D0-8D11-00A0C91BC942}") = "8_14", "8_14.vcproj", "{D6639726-C12E-42C6-8454-D968E62FC186}"
EndProject
Global
	GlobalSection(SolutionConfigurationPlatforms) = preSolution
		Debug|Win32 = Debug|Win32
		Release|Win32 = Release|Win32
	EndGlobalSection
	GlobalSection(ProjectConfigurationPlatforms) = postSolution
		{D6639726-C12E-42C6-8454-D968E62FC186}.Debug|Win32.ActiveCfg = Debug|Win32
		{D6639726-C12E-42C6-8454-D968E62FC186}.Debug|Win32.Build.0 = Debug|Win32
		{D6639726-C12E-42C6-8454-D968E62FC186}.Release|Win32.ActiveCfg = Release|Win32
		{D6639726-C12E-42C6-8454-D968E62FC186}.Release|Win32.Build.0 = Release|Win32
	EndGlobalSection
	GlobalSection(SolutionProperties) = preSolution
		HideSolutionNode = FALSE
	EndGlobalSection
EndGlobal
