
Microsoft Visual Studio Solution File, Format Version 10.00
# Visual Studio 2008
Project("{8BC9CEB8-8B4A-11D0-8D11-00A0C91BC942}") = "buffer_flush", "buffer_flush.vcproj", "{223C5DF4-F5F4-41C3-9F67-79CF3BEEBFF5}"
EndProject
Global
	GlobalSection(SolutionConfigurationPlatforms) = preSolution
		Debug|Win32 = Debug|Win32
		Release|Win32 = Release|Win32
	EndGlobalSection
	GlobalSection(ProjectConfigurationPlatforms) = postSolution
		{223C5DF4-F5F4-41C3-9F67-79CF3BEEBFF5}.Debug|Win32.ActiveCfg = Debug|Win32
		{223C5DF4-F5F4-41C3-9F67-79CF3BEEBFF5}.Debug|Win32.Build.0 = Debug|Win32
		{223C5DF4-F5F4-41C3-9F67-79CF3BEEBFF5}.Release|Win32.ActiveCfg = Release|Win32
		{223C5DF4-F5F4-41C3-9F67-79CF3BEEBFF5}.Release|Win32.Build.0 = Release|Win32
	EndGlobalSection
	GlobalSection(SolutionProperties) = preSolution
		HideSolutionNode = FALSE
	EndGlobalSection
EndGlobal
