
Microsoft Visual Studio Solution File, Format Version 10.00
# Visual Studio 2008
Project("{8BC9CEB8-8B4A-11D0-8D11-00A0C91BC942}") = "clear_fstream_state", "clear_fstream_state.vcproj", "{74E7754B-3FDA-409E-8FF5-2B16ACD1895C}"
EndProject
Global
	GlobalSection(SolutionConfigurationPlatforms) = preSolution
		Debug|Win32 = Debug|Win32
		Release|Win32 = Release|Win32
	EndGlobalSection
	GlobalSection(ProjectConfigurationPlatforms) = postSolution
		{74E7754B-3FDA-409E-8FF5-2B16ACD1895C}.Debug|Win32.ActiveCfg = Debug|Win32
		{74E7754B-3FDA-409E-8FF5-2B16ACD1895C}.Debug|Win32.Build.0 = Debug|Win32
		{74E7754B-3FDA-409E-8FF5-2B16ACD1895C}.Release|Win32.ActiveCfg = Release|Win32
		{74E7754B-3FDA-409E-8FF5-2B16ACD1895C}.Release|Win32.Build.0 = Release|Win32
	EndGlobalSection
	GlobalSection(SolutionProperties) = preSolution
		HideSolutionNode = FALSE
	EndGlobalSection
EndGlobal
