
Microsoft Visual Studio Solution File, Format Version 10.00
# Visual Studio 2008
Project("{8BC9CEB8-8B4A-11D0-8D11-00A0C91BC942}") = "8_3", "8_3.vcproj", "{EC099D6D-ADC9-4F48-ABFB-0A44D26B0550}"
EndProject
Global
	GlobalSection(SolutionConfigurationPlatforms) = preSolution
		Debug|Win32 = Debug|Win32
		Release|Win32 = Release|Win32
	EndGlobalSection
	GlobalSection(ProjectConfigurationPlatforms) = postSolution
		{EC099D6D-ADC9-4F48-ABFB-0A44D26B0550}.Debug|Win32.ActiveCfg = Debug|Win32
		{EC099D6D-ADC9-4F48-ABFB-0A44D26B0550}.Debug|Win32.Build.0 = Debug|Win32
		{EC099D6D-ADC9-4F48-ABFB-0A44D26B0550}.Release|Win32.ActiveCfg = Release|Win32
		{EC099D6D-ADC9-4F48-ABFB-0A44D26B0550}.Release|Win32.Build.0 = Release|Win32
	EndGlobalSection
	GlobalSection(SolutionProperties) = preSolution
		HideSolutionNode = FALSE
	EndGlobalSection
EndGlobal
